
Microsoft Visual Studio Solution File, Format Version 12.00
# Visual Studio Version 16
VisualStudioVersion = 16.0.30523.141
MinimumVisualStudioVersion = 10.0.40219.1
Project("{FAE04EC0-301F-11D3-BF4B-00C04F79EFBC}") = "Lab2", "Lab2\Lab2.csproj", "{4ECF3C0A-A63F-4CCA-83F5-897A97A6B8E7}"
EndProject
Global
	GlobalSection(SolutionConfigurationPlatforms) = preSolution
		Debug|Any CPU = Debug|Any CPU
		Release|Any CPU = Release|Any CPU
	EndGlobalSection
	GlobalSection(ProjectConfigurationPlatforms) = postSolution
		{4ECF3C0A-A63F-4CCA-83F5-897A97A6B8E7}.Debug|Any CPU.ActiveCfg = Debug|Any CPU
		{4ECF3C0A-A63F-4CCA-83F5-897A97A6B8E7}.Debug|Any CPU.Build.0 = Debug|Any CPU
		{4ECF3C0A-A63F-4CCA-83F5-897A97A6B8E7}.Release|Any CPU.ActiveCfg = Release|Any CPU
		{4ECF3C0A-A63F-4CCA-83F5-897A97A6B8E7}.Release|Any CPU.Build.0 = Release|Any CPU
	EndGlobalSection
	GlobalSection(SolutionProperties) = preSolution
		HideSolutionNode = FALSE
	EndGlobalSection
	GlobalSection(ExtensibilityGlobals) = postSolution
		SolutionGuid = {E611BBB8-A05C-45B9-A889-5F3FDF3892C7}
	EndGlobalSection
EndGlobal
